<?xml version="1.0" encoding="UTF-8" standalone="yes" ?>
<CodeBlocks_project_file>
	<FileVersion major="1" minor="6" />
	<Project>
		<Option title="lmms-pkg" />
		<Option compiler="gcc" />
		<Build>
			<Target title="debug">
				<Option output="lmms-pkg-dbg" prefix_auto="1" extension_auto="1" />
				<Option object_output=".objs-debug" />
				<Option type="1" />
				<Option compiler="gcc" />
				<Option parameters="--check dup-samples.mmpk" />
				<Compiler>
					<Add option="-pg" />
					<Add option="-Og" />
					<Add option="-g" />
				</Compiler>
				<Linker>
					<Add option="-pg -lgmon" />
				</Linker>
			</Target>
			<Target title="release-64bit">
				<Option output="lmms-pkg" prefix_auto="1" extension_auto="1" />
				<Option object_output=".objs-x86_64" />
				<Option type="1" />
				<Option compiler="gcc" />
				<Option use_console_runner="0" />
				<Compiler>
					<Add option="-O2" />
					<Add option="-w" />
					<Add option="-m64" />
				</Compiler>
				<Linker>
					<Add option="-s" />
					<Add option="-static" />
					<Add option="-m64" />
				</Linker>
			</Target>
			<Target title="release-32bit">
				<Option output="lmms-pkg-32bit" prefix_auto="1" extension_auto="1" />
				<Option object_output=".objs-x86" />
				<Option type="1" />
				<Option compiler="gcc" />
				<Option use_console_runner="0" />
				<Compiler>
					<Add option="-O2" />
					<Add option="-w" />
					<Add option="-m32" />
				</Compiler>
				<Linker>
					<Add option="-s" />
					<Add option="-static" />
					<Add option="-m32" />
				</Linker>
			</Target>
		</Build>
		<Compiler>
			<Add option="-std=c++14" />
		</Compiler>
		<Unit filename="src/exceptions/exceptions.cpp" />
		<Unit filename="src/exceptions/exceptions.hpp" />
		<Unit filename="src/external/filesystem/filesystem.cpp" />
		<Unit filename="src/external/filesystem/filesystem.hpp" />
		<Unit filename="src/external/ghc/filesystem.hpp" />
		<Unit filename="src/external/ghc/fs_fwd.hpp" />
		<Unit filename="src/external/ghc/fs_impl.hpp" />
		<Unit filename="src/external/tinyxml2/tinyxml2.cpp" />
		<Unit filename="src/external/tinyxml2/tinyxml2.h" />
		<Unit filename="src/external/zutils/unzip.cpp" />
		<Unit filename="src/external/zutils/unzip.h" />
		<Unit filename="src/external/zutils/zip.cpp" />
		<Unit filename="src/external/zutils/zip.h" />
		<Unit filename="src/external/zutils/zutils.hpp" />
		<Unit filename="src/main.cpp" />
		<Unit filename="src/packager/exported_file.hpp" />
		<Unit filename="src/packager/mmpz.cpp" />
		<Unit filename="src/packager/mmpz.hpp" />
		<Unit filename="src/packager/options.cpp" />
		<Unit filename="src/packager/options.hpp" />
		<Unit filename="src/packager/pack_priv.cpp" />
		<Unit filename="src/packager/pack_priv.hpp" />
		<Unit filename="src/packager/packager.cpp" />
		<Unit filename="src/packager/packager.hpp" />
		<Unit filename="src/packager/xml.cpp" />
		<Unit filename="src/packager/xml.hpp" />
		<Unit filename="src/packager/xml.tpp" />
		<Unit filename="src/program/printer.cpp" />
		<Unit filename="src/program/printer.hpp" />
		<Unit filename="src/program/program.cpp" />
		<Unit filename="src/program/program.hpp" />
		<Extensions>
			<lib_finder disable_auto="1" />
		</Extensions>
	</Project>
</CodeBlocks_project_file>
